
Microsoft Visual Studio Solution File, Format Version 12.00
# Visual Studio Version 17
VisualStudioVersion = 17.12.35707.178
MinimumVisualStudioVersion = 10.0.40219.1
Project("{2150E333-8FDC-42A3-9474-1A3956D46DE8}") = "StructuralPatterns", "StructuralPatterns", "{F2AAD195-74D8-4121-ACA5-4E91B80E7A98}"
EndProject
Project("{FAE04EC0-301F-11D3-BF4B-00C04F79EFBC}") = "AdapterPattern", "StructuralPatterns\AdapterPattern\AdapterPattern.csproj", "{5773EA0D-AD58-4971-998F-5CA557CF7573}"
EndProject
Project("{2150E333-8FDC-42A3-9474-1A3956D46DE8}") = "CreationalPatterns", "CreationalPatterns", "{F37E6FFA-DD4F-4F28-A797-0C524112A818}"
EndProject
Project("{FAE04EC0-301F-11D3-BF4B-00C04F79EFBC}") = "Singelton", "CreationalPatterns\Singelton\Singelton.csproj", "{BAEAF5BD-682F-44FC-9218-29E41AC7E8D8}"
EndProject
Project("{FAE04EC0-301F-11D3-BF4B-00C04F79EFBC}") = "Prototype", "CreationalPatterns\Prototype\Prototype.csproj", "{CE8B1BB7-3DA8-477E-BEED-12E0DCCEA413}"
EndProject
Project("{FAE04EC0-301F-11D3-BF4B-00C04F79EFBC}") = "FlyweightPattern", "StructuralPatterns\FlyweightPattern\FlyweightPattern.csproj", "{FC741FE4-F2F7-4E66-9D27-89143B7A9DD9}"
EndProject
Project("{FAE04EC0-301F-11D3-BF4B-00C04F79EFBC}") = "Builder", "StructuralPatterns\Builder\Builder.csproj", "{6D94C8DA-820E-4F53-8E11-70646494D4C3}"
EndProject
Project("{FAE04EC0-301F-11D3-BF4B-00C04F79EFBC}") = "Composite", "StructuralPatterns\Composite\Composite.csproj", "{F4738A71-DC84-4BF2-90B9-3585AAF4693C}"
EndProject
Project("{FAE04EC0-301F-11D3-BF4B-00C04F79EFBC}") = "Proxy", "StructuralPatterns\Proxy\Proxy.csproj", "{2BDF8E2A-18E9-459E-A0EC-F21A1627A9CD}"
EndProject
Project("{FAE04EC0-301F-11D3-BF4B-00C04F79EFBC}") = "Bridge", "StructuralPatterns\Bridge\Bridge.csproj", "{CEEAF978-B369-495B-843B-F27BEA5280D6}"
EndProject
Project("{2150E333-8FDC-42A3-9474-1A3956D46DE8}") = "BehavioralPatterns", "BehavioralPatterns", "{02EA681E-C7D8-13C7-8484-4AC65E1B71E8}"
EndProject
Project("{FAE04EC0-301F-11D3-BF4B-00C04F79EFBC}") = "StrategyPattern", "BehavioralPatterns\StrategyPattern\StrategyPattern.csproj", "{F6803BAF-FB3E-463C-9D26-76B8D0F9A76A}"
EndProject
Project("{FAE04EC0-301F-11D3-BF4B-00C04F79EFBC}") = "CommandPattern", "BehavioralPatterns\CommandPattern\CommandPattern.csproj", "{A2E0CA68-5A8E-4E52-BA00-04B4E932FDB9}"
EndProject
Project("{FAE04EC0-301F-11D3-BF4B-00C04F79EFBC}") = "TemplateMethod", "BehavioralPatterns\TemplateMethod\TemplateMethod.csproj", "{BD408A3F-9169-4946-BA3A-ECD25C6D97C2}"
EndProject
Project("{FAE04EC0-301F-11D3-BF4B-00C04F79EFBC}") = "Observer", "BehavioralPatterns\Observer\Observer.csproj", "{D45AFC11-18EC-403F-878B-629B7B771D31}"
EndProject
Project("{FAE04EC0-301F-11D3-BF4B-00C04F79EFBC}") = "Memento", "BehavioralPatterns\Memento\Memento.csproj", "{CE5B4EDE-DB82-4DBA-B8D8-037920994524}"
EndProject
Project("{FAE04EC0-301F-11D3-BF4B-00C04F79EFBC}") = "Mediator", "BehavioralPatterns\Mediator\Mediator.csproj", "{51A2E0A9-DB56-4197-A7CD-F59362653ECF}"
EndProject
Project("{FAE04EC0-301F-11D3-BF4B-00C04F79EFBC}") = "Decorator", "StructuralPatterns\Decorator\Decorator.csproj", "{A2429F39-C9E4-9F09-EBA8-32F9CC39B2DC}"
EndProject
Project("{FAE04EC0-301F-11D3-BF4B-00C04F79EFBC}") = "FactoryAndAbstarctFactoryPattern", "CreationalPatterns\FactoryAndAbstarctFactoryPattern\FactoryAndAbstarctFactoryPattern.csproj", "{76F984C9-8589-662A-333F-E3D3365EFE37}"
EndProject
Project("{FAE04EC0-301F-11D3-BF4B-00C04F79EFBC}") = "ChainOfResponsibility", "BehavioralPatterns\ChainOfResponsibility\ChainOfResponsibility.csproj", "{D5E70A2D-3F77-4704-B553-5BFD4AEC7FCF}"
EndProject
Project("{FAE04EC0-301F-11D3-BF4B-00C04F79EFBC}") = "State", "BehavioralPatterns\State\State.csproj", "{DA1CECE7-45AA-4583-A3F7-1F4C665AF10F}"
EndProject
Global
	GlobalSection(SolutionConfigurationPlatforms) = preSolution
		Debug|Any CPU = Debug|Any CPU
		Release|Any CPU = Release|Any CPU
	EndGlobalSection
	GlobalSection(ProjectConfigurationPlatforms) = postSolution
		{5773EA0D-AD58-4971-998F-5CA557CF7573}.Debug|Any CPU.ActiveCfg = Debug|Any CPU
		{5773EA0D-AD58-4971-998F-5CA557CF7573}.Debug|Any CPU.Build.0 = Debug|Any CPU
		{5773EA0D-AD58-4971-998F-5CA557CF7573}.Release|Any CPU.ActiveCfg = Release|Any CPU
		{5773EA0D-AD58-4971-998F-5CA557CF7573}.Release|Any CPU.Build.0 = Release|Any CPU
		{BAEAF5BD-682F-44FC-9218-29E41AC7E8D8}.Debug|Any CPU.ActiveCfg = Debug|Any CPU
		{BAEAF5BD-682F-44FC-9218-29E41AC7E8D8}.Debug|Any CPU.Build.0 = Debug|Any CPU
		{BAEAF5BD-682F-44FC-9218-29E41AC7E8D8}.Release|Any CPU.ActiveCfg = Release|Any CPU
		{BAEAF5BD-682F-44FC-9218-29E41AC7E8D8}.Release|Any CPU.Build.0 = Release|Any CPU
		{CE8B1BB7-3DA8-477E-BEED-12E0DCCEA413}.Debug|Any CPU.ActiveCfg = Debug|Any CPU
		{CE8B1BB7-3DA8-477E-BEED-12E0DCCEA413}.Debug|Any CPU.Build.0 = Debug|Any CPU
		{CE8B1BB7-3DA8-477E-BEED-12E0DCCEA413}.Release|Any CPU.ActiveCfg = Release|Any CPU
		{CE8B1BB7-3DA8-477E-BEED-12E0DCCEA413}.Release|Any CPU.Build.0 = Release|Any CPU
		{FC741FE4-F2F7-4E66-9D27-89143B7A9DD9}.Debug|Any CPU.ActiveCfg = Debug|Any CPU
		{FC741FE4-F2F7-4E66-9D27-89143B7A9DD9}.Debug|Any CPU.Build.0 = Debug|Any CPU
		{FC741FE4-F2F7-4E66-9D27-89143B7A9DD9}.Release|Any CPU.ActiveCfg = Release|Any CPU
		{FC741FE4-F2F7-4E66-9D27-89143B7A9DD9}.Release|Any CPU.Build.0 = Release|Any CPU
		{6D94C8DA-820E-4F53-8E11-70646494D4C3}.Debug|Any CPU.ActiveCfg = Debug|Any CPU
		{6D94C8DA-820E-4F53-8E11-70646494D4C3}.Debug|Any CPU.Build.0 = Debug|Any CPU
		{6D94C8DA-820E-4F53-8E11-70646494D4C3}.Release|Any CPU.ActiveCfg = Release|Any CPU
		{6D94C8DA-820E-4F53-8E11-70646494D4C3}.Release|Any CPU.Build.0 = Release|Any CPU
		{F4738A71-DC84-4BF2-90B9-3585AAF4693C}.Debug|Any CPU.ActiveCfg = Debug|Any CPU
		{F4738A71-DC84-4BF2-90B9-3585AAF4693C}.Debug|Any CPU.Build.0 = Debug|Any CPU
		{F4738A71-DC84-4BF2-90B9-3585AAF4693C}.Release|Any CPU.ActiveCfg = Release|Any CPU
		{F4738A71-DC84-4BF2-90B9-3585AAF4693C}.Release|Any CPU.Build.0 = Release|Any CPU
		{2BDF8E2A-18E9-459E-A0EC-F21A1627A9CD}.Debug|Any CPU.ActiveCfg = Debug|Any CPU
		{2BDF8E2A-18E9-459E-A0EC-F21A1627A9CD}.Debug|Any CPU.Build.0 = Debug|Any CPU
		{2BDF8E2A-18E9-459E-A0EC-F21A1627A9CD}.Release|Any CPU.ActiveCfg = Release|Any CPU
		{2BDF8E2A-18E9-459E-A0EC-F21A1627A9CD}.Release|Any CPU.Build.0 = Release|Any CPU
		{CEEAF978-B369-495B-843B-F27BEA5280D6}.Debug|Any CPU.ActiveCfg = Debug|Any CPU
		{CEEAF978-B369-495B-843B-F27BEA5280D6}.Debug|Any CPU.Build.0 = Debug|Any CPU
		{CEEAF978-B369-495B-843B-F27BEA5280D6}.Release|Any CPU.ActiveCfg = Release|Any CPU
		{CEEAF978-B369-495B-843B-F27BEA5280D6}.Release|Any CPU.Build.0 = Release|Any CPU
		{F6803BAF-FB3E-463C-9D26-76B8D0F9A76A}.Debug|Any CPU.ActiveCfg = Debug|Any CPU
		{F6803BAF-FB3E-463C-9D26-76B8D0F9A76A}.Debug|Any CPU.Build.0 = Debug|Any CPU
		{F6803BAF-FB3E-463C-9D26-76B8D0F9A76A}.Release|Any CPU.ActiveCfg = Release|Any CPU
		{F6803BAF-FB3E-463C-9D26-76B8D0F9A76A}.Release|Any CPU.Build.0 = Release|Any CPU
		{A2E0CA68-5A8E-4E52-BA00-04B4E932FDB9}.Debug|Any CPU.ActiveCfg = Debug|Any CPU
		{A2E0CA68-5A8E-4E52-BA00-04B4E932FDB9}.Debug|Any CPU.Build.0 = Debug|Any CPU
		{A2E0CA68-5A8E-4E52-BA00-04B4E932FDB9}.Release|Any CPU.ActiveCfg = Release|Any CPU
		{A2E0CA68-5A8E-4E52-BA00-04B4E932FDB9}.Release|Any CPU.Build.0 = Release|Any CPU
		{BD408A3F-9169-4946-BA3A-ECD25C6D97C2}.Debug|Any CPU.ActiveCfg = Debug|Any CPU
		{BD408A3F-9169-4946-BA3A-ECD25C6D97C2}.Debug|Any CPU.Build.0 = Debug|Any CPU
		{BD408A3F-9169-4946-BA3A-ECD25C6D97C2}.Release|Any CPU.ActiveCfg = Release|Any CPU
		{BD408A3F-9169-4946-BA3A-ECD25C6D97C2}.Release|Any CPU.Build.0 = Release|Any CPU
		{D45AFC11-18EC-403F-878B-629B7B771D31}.Debug|Any CPU.ActiveCfg = Debug|Any CPU
		{D45AFC11-18EC-403F-878B-629B7B771D31}.Debug|Any CPU.Build.0 = Debug|Any CPU
		{D45AFC11-18EC-403F-878B-629B7B771D31}.Release|Any CPU.ActiveCfg = Release|Any CPU
		{D45AFC11-18EC-403F-878B-629B7B771D31}.Release|Any CPU.Build.0 = Release|Any CPU
		{CE5B4EDE-DB82-4DBA-B8D8-037920994524}.Debug|Any CPU.ActiveCfg = Debug|Any CPU
		{CE5B4EDE-DB82-4DBA-B8D8-037920994524}.Debug|Any CPU.Build.0 = Debug|Any CPU
		{CE5B4EDE-DB82-4DBA-B8D8-037920994524}.Release|Any CPU.ActiveCfg = Release|Any CPU
		{CE5B4EDE-DB82-4DBA-B8D8-037920994524}.Release|Any CPU.Build.0 = Release|Any CPU
		{51A2E0A9-DB56-4197-A7CD-F59362653ECF}.Debug|Any CPU.ActiveCfg = Debug|Any CPU
		{51A2E0A9-DB56-4197-A7CD-F59362653ECF}.Debug|Any CPU.Build.0 = Debug|Any CPU
		{51A2E0A9-DB56-4197-A7CD-F59362653ECF}.Release|Any CPU.ActiveCfg = Release|Any CPU
		{51A2E0A9-DB56-4197-A7CD-F59362653ECF}.Release|Any CPU.Build.0 = Release|Any CPU
		{A2429F39-C9E4-9F09-EBA8-32F9CC39B2DC}.Debug|Any CPU.ActiveCfg = Debug|Any CPU
		{A2429F39-C9E4-9F09-EBA8-32F9CC39B2DC}.Debug|Any CPU.Build.0 = Debug|Any CPU
		{A2429F39-C9E4-9F09-EBA8-32F9CC39B2DC}.Release|Any CPU.ActiveCfg = Release|Any CPU
		{A2429F39-C9E4-9F09-EBA8-32F9CC39B2DC}.Release|Any CPU.Build.0 = Release|Any CPU
		{76F984C9-8589-662A-333F-E3D3365EFE37}.Debug|Any CPU.ActiveCfg = Debug|Any CPU
		{76F984C9-8589-662A-333F-E3D3365EFE37}.Debug|Any CPU.Build.0 = Debug|Any CPU
		{76F984C9-8589-662A-333F-E3D3365EFE37}.Release|Any CPU.ActiveCfg = Release|Any CPU
		{76F984C9-8589-662A-333F-E3D3365EFE37}.Release|Any CPU.Build.0 = Release|Any CPU
		{D5E70A2D-3F77-4704-B553-5BFD4AEC7FCF}.Debug|Any CPU.ActiveCfg = Debug|Any CPU
		{D5E70A2D-3F77-4704-B553-5BFD4AEC7FCF}.Debug|Any CPU.Build.0 = Debug|Any CPU
		{D5E70A2D-3F77-4704-B553-5BFD4AEC7FCF}.Release|Any CPU.ActiveCfg = Release|Any CPU
		{D5E70A2D-3F77-4704-B553-5BFD4AEC7FCF}.Release|Any CPU.Build.0 = Release|Any CPU
		{DA1CECE7-45AA-4583-A3F7-1F4C665AF10F}.Debug|Any CPU.ActiveCfg = Debug|Any CPU
		{DA1CECE7-45AA-4583-A3F7-1F4C665AF10F}.Debug|Any CPU.Build.0 = Debug|Any CPU
		{DA1CECE7-45AA-4583-A3F7-1F4C665AF10F}.Release|Any CPU.ActiveCfg = Release|Any CPU
		{DA1CECE7-45AA-4583-A3F7-1F4C665AF10F}.Release|Any CPU.Build.0 = Release|Any CPU
	EndGlobalSection
	GlobalSection(SolutionProperties) = preSolution
		HideSolutionNode = FALSE
	EndGlobalSection
	GlobalSection(NestedProjects) = preSolution
		{5773EA0D-AD58-4971-998F-5CA557CF7573} = {F2AAD195-74D8-4121-ACA5-4E91B80E7A98}
		{BAEAF5BD-682F-44FC-9218-29E41AC7E8D8} = {F37E6FFA-DD4F-4F28-A797-0C524112A818}
		{CE8B1BB7-3DA8-477E-BEED-12E0DCCEA413} = {F37E6FFA-DD4F-4F28-A797-0C524112A818}
		{FC741FE4-F2F7-4E66-9D27-89143B7A9DD9} = {F2AAD195-74D8-4121-ACA5-4E91B80E7A98}
		{6D94C8DA-820E-4F53-8E11-70646494D4C3} = {F37E6FFA-DD4F-4F28-A797-0C524112A818}
		{F4738A71-DC84-4BF2-90B9-3585AAF4693C} = {F2AAD195-74D8-4121-ACA5-4E91B80E7A98}
		{2BDF8E2A-18E9-459E-A0EC-F21A1627A9CD} = {F2AAD195-74D8-4121-ACA5-4E91B80E7A98}
		{CEEAF978-B369-495B-843B-F27BEA5280D6} = {F2AAD195-74D8-4121-ACA5-4E91B80E7A98}
		{F6803BAF-FB3E-463C-9D26-76B8D0F9A76A} = {02EA681E-C7D8-13C7-8484-4AC65E1B71E8}
		{A2E0CA68-5A8E-4E52-BA00-04B4E932FDB9} = {02EA681E-C7D8-13C7-8484-4AC65E1B71E8}
		{BD408A3F-9169-4946-BA3A-ECD25C6D97C2} = {02EA681E-C7D8-13C7-8484-4AC65E1B71E8}
		{D45AFC11-18EC-403F-878B-629B7B771D31} = {02EA681E-C7D8-13C7-8484-4AC65E1B71E8}
		{CE5B4EDE-DB82-4DBA-B8D8-037920994524} = {02EA681E-C7D8-13C7-8484-4AC65E1B71E8}
		{51A2E0A9-DB56-4197-A7CD-F59362653ECF} = {02EA681E-C7D8-13C7-8484-4AC65E1B71E8}
		{A2429F39-C9E4-9F09-EBA8-32F9CC39B2DC} = {F2AAD195-74D8-4121-ACA5-4E91B80E7A98}
		{76F984C9-8589-662A-333F-E3D3365EFE37} = {F37E6FFA-DD4F-4F28-A797-0C524112A818}
		{D5E70A2D-3F77-4704-B553-5BFD4AEC7FCF} = {02EA681E-C7D8-13C7-8484-4AC65E1B71E8}
		{DA1CECE7-45AA-4583-A3F7-1F4C665AF10F} = {02EA681E-C7D8-13C7-8484-4AC65E1B71E8}
	EndGlobalSection
	GlobalSection(ExtensibilityGlobals) = postSolution
		SolutionGuid = {BCA02A90-2288-4D84-85D5-51372698BFB8}
	EndGlobalSection
EndGlobal
